
Microsoft Visual Studio Solution File, Format Version 12.00
# Visual Studio 14
VisualStudioVersion = 14.0.23107.0
MinimumVisualStudioVersion = 10.0.40219.1
Project("{FAE04EC0-301F-11D3-BF4B-00C04F79EFBC}") = "PayPal.SDK.NET451", "SDK\PayPal.SDK.NET451.csproj", "{3735CF14-945D-4495-B26E-BDE599123C06}"
EndProject
Project("{FAE04EC0-301F-11D3-BF4B-00C04F79EFBC}") = "PayPal.SDK.NET451.Tests", "Tests\PayPal.SDK.NET451.Tests.csproj", "{8C1F1EDA-1D76-4B5F-B20E-3352DA699B76}"
EndProject
Global
	GlobalSection(SolutionConfigurationPlatforms) = preSolution
		Debug|Any CPU = Debug|Any CPU
		Release|Any CPU = Release|Any CPU
	EndGlobalSection
	GlobalSection(ProjectConfigurationPlatforms) = postSolution
		{3735CF14-945D-4495-B26E-BDE599123C06}.Debug|Any CPU.ActiveCfg = Debug|Any CPU
		{3735CF14-945D-4495-B26E-BDE599123C06}.Debug|Any CPU.Build.0 = Debug|Any CPU
		{3735CF14-945D-4495-B26E-BDE599123C06}.Release|Any CPU.ActiveCfg = Release|Any CPU
		{3735CF14-945D-4495-B26E-BDE599123C06}.Release|Any CPU.Build.0 = Release|Any CPU
		{8C1F1EDA-1D76-4B5F-B20E-3352DA699B76}.Debug|Any CPU.ActiveCfg = Debug|Any CPU
		{8C1F1EDA-1D76-4B5F-B20E-3352DA699B76}.Debug|Any CPU.Build.0 = Debug|Any CPU
		{8C1F1EDA-1D76-4B5F-B20E-3352DA699B76}.Release|Any CPU.ActiveCfg = Release|Any CPU
		{8C1F1EDA-1D76-4B5F-B20E-3352DA699B76}.Release|Any CPU.Build.0 = Release|Any CPU
	EndGlobalSection
	GlobalSection(SolutionProperties) = preSolution
		HideSolutionNode = FALSE
	EndGlobalSection
EndGlobal
